
Microsoft Visual Studio Solution File, Format Version 12.00
# Visual Studio 14
VisualStudioVersion = 14.0.23107.0
MinimumVisualStudioVersion = 10.0.40219.1
Project("{FAE04EC0-301F-11D3-BF4B-00C04F79EFBC}") = "Membership.Model", "Membership.Model\Membership.Model.csproj", "{42E8E54B-A944-4371-A7B1-E38E70E7DD74}"
EndProject
Project("{2150E333-8FDC-42A3-9474-1A3956D46DE8}") = "5.0 - Unit Test", "5.0 - Unit Test", "{C8C79007-FD19-4773-95CE-010AA6145DA4}"
EndProject
Project("{2150E333-8FDC-42A3-9474-1A3956D46DE8}") = "3.0 - Model", "3.0 - Model", "{7DCE695B-A582-41D0-8C0A-26D946BC03B2}"
EndProject
Project("{2150E333-8FDC-42A3-9474-1A3956D46DE8}") = "2.0 - Business", "2.0 - Business", "{4B805419-7968-4A3B-904A-4189E2918EF7}"
EndProject
Project("{FAE04EC0-301F-11D3-BF4B-00C04F79EFBC}") = "Membership.Business.Tests", "Membership.Business.Tests\Membership.Business.Tests.csproj", "{7D49C9F1-CCE7-4B9A-AA70-4241FA6B5BD2}"
EndProject
Project("{2150E333-8FDC-42A3-9474-1A3956D46DE8}") = "1.0 - Presentation", "1.0 - Presentation", "{307719F2-A12F-4B76-B7E8-8B8C4A39E95E}"
EndProject
Project("{FAE04EC0-301F-11D3-BF4B-00C04F79EFBC}") = "Membership.Business", "Membership.Business\Membership.Business.csproj", "{A25F0692-1F6A-4A7C-8E63-36B47A666BAD}"
EndProject
Project("{2150E333-8FDC-42A3-9474-1A3956D46DE8}") = "4.0 - Common", "4.0 - Common", "{8640AEE9-C385-46EB-8668-5B8A0B5E6DC4}"
EndProject
Project("{FAE04EC0-301F-11D3-BF4B-00C04F79EFBC}") = "Membership.Common", "Membership.Common\Membership.Common.csproj", "{07617CD2-7D75-4D78-803C-11A60F3E593C}"
EndProject
Global
	GlobalSection(SolutionConfigurationPlatforms) = preSolution
		Debug|Any CPU = Debug|Any CPU
		Release|Any CPU = Release|Any CPU
	EndGlobalSection
	GlobalSection(ProjectConfigurationPlatforms) = postSolution
		{42E8E54B-A944-4371-A7B1-E38E70E7DD74}.Debug|Any CPU.ActiveCfg = Debug|Any CPU
		{42E8E54B-A944-4371-A7B1-E38E70E7DD74}.Debug|Any CPU.Build.0 = Debug|Any CPU
		{42E8E54B-A944-4371-A7B1-E38E70E7DD74}.Release|Any CPU.ActiveCfg = Release|Any CPU
		{42E8E54B-A944-4371-A7B1-E38E70E7DD74}.Release|Any CPU.Build.0 = Release|Any CPU
		{7D49C9F1-CCE7-4B9A-AA70-4241FA6B5BD2}.Debug|Any CPU.ActiveCfg = Debug|Any CPU
		{7D49C9F1-CCE7-4B9A-AA70-4241FA6B5BD2}.Debug|Any CPU.Build.0 = Debug|Any CPU
		{7D49C9F1-CCE7-4B9A-AA70-4241FA6B5BD2}.Release|Any CPU.ActiveCfg = Release|Any CPU
		{7D49C9F1-CCE7-4B9A-AA70-4241FA6B5BD2}.Release|Any CPU.Build.0 = Release|Any CPU
		{A25F0692-1F6A-4A7C-8E63-36B47A666BAD}.Debug|Any CPU.ActiveCfg = Debug|Any CPU
		{A25F0692-1F6A-4A7C-8E63-36B47A666BAD}.Debug|Any CPU.Build.0 = Debug|Any CPU
		{A25F0692-1F6A-4A7C-8E63-36B47A666BAD}.Release|Any CPU.ActiveCfg = Release|Any CPU
		{A25F0692-1F6A-4A7C-8E63-36B47A666BAD}.Release|Any CPU.Build.0 = Release|Any CPU
		{07617CD2-7D75-4D78-803C-11A60F3E593C}.Debug|Any CPU.ActiveCfg = Debug|Any CPU
		{07617CD2-7D75-4D78-803C-11A60F3E593C}.Debug|Any CPU.Build.0 = Debug|Any CPU
		{07617CD2-7D75-4D78-803C-11A60F3E593C}.Release|Any CPU.ActiveCfg = Release|Any CPU
		{07617CD2-7D75-4D78-803C-11A60F3E593C}.Release|Any CPU.Build.0 = Release|Any CPU
	EndGlobalSection
	GlobalSection(SolutionProperties) = preSolution
		HideSolutionNode = FALSE
	EndGlobalSection
	GlobalSection(NestedProjects) = preSolution
		{42E8E54B-A944-4371-A7B1-E38E70E7DD74} = {7DCE695B-A582-41D0-8C0A-26D946BC03B2}
		{7D49C9F1-CCE7-4B9A-AA70-4241FA6B5BD2} = {C8C79007-FD19-4773-95CE-010AA6145DA4}
		{A25F0692-1F6A-4A7C-8E63-36B47A666BAD} = {4B805419-7968-4A3B-904A-4189E2918EF7}
		{07617CD2-7D75-4D78-803C-11A60F3E593C} = {8640AEE9-C385-46EB-8668-5B8A0B5E6DC4}
	EndGlobalSection
EndGlobal
